
Microsoft Visual Studio Solution File, Format Version 12.00
# Visual Studio Version 17
VisualStudioVersion = 17.2.32526.322
MinimumVisualStudioVersion = 10.0.40219.1
Project("{FAE04EC0-301F-11D3-BF4B-00C04F79EFBC}") = "Exercicio_Triangulo_Classes", "Exercicio_Triangulo_Classes\Exercicio_Triangulo_Classes.csproj", "{A3416F70-2925-4D3E-A3D1-00C50F9AB679}"
EndProject
Global
	GlobalSection(SolutionConfigurationPlatforms) = preSolution
		Debug|Any CPU = Debug|Any CPU
		Release|Any CPU = Release|Any CPU
	EndGlobalSection
	GlobalSection(ProjectConfigurationPlatforms) = postSolution
		{A3416F70-2925-4D3E-A3D1-00C50F9AB679}.Debug|Any CPU.ActiveCfg = Debug|Any CPU
		{A3416F70-2925-4D3E-A3D1-00C50F9AB679}.Debug|Any CPU.Build.0 = Debug|Any CPU
		{A3416F70-2925-4D3E-A3D1-00C50F9AB679}.Release|Any CPU.ActiveCfg = Release|Any CPU
		{A3416F70-2925-4D3E-A3D1-00C50F9AB679}.Release|Any CPU.Build.0 = Release|Any CPU
	EndGlobalSection
	GlobalSection(SolutionProperties) = preSolution
		HideSolutionNode = FALSE
	EndGlobalSection
	GlobalSection(ExtensibilityGlobals) = postSolution
		SolutionGuid = {4DF8F8BD-1FEA-41EB-8B0D-37395494F0A3}
	EndGlobalSection
EndGlobal
